// !$*UTF8*$!
{
	archiveVersion = 1;
	classes = {
	};
	objectVersion = 55;
	objects = {

/* Begin PBXBuildFile section */
		FA1E01BB28905F8000EFCCF1 /* FirebaseModel.swift in Sources */ = {isa = PBXBuildFile; fileRef = FA1E01BA28905F8000EFCCF1 /* FirebaseModel.swift */; };
		FA1E01BD2890604100EFCCF1 /* FirebaseViewModel.swift in Sources */ = {isa = PBXBuildFile; fileRef = FA1E01BC2890604100EFCCF1 /* FirebaseViewModel.swift */; };
		FA1E01C42890765A00EFCCF1 /* ViewRouter.swift in Sources */ = {isa = PBXBuildFile; fileRef = FA1E01C32890765A00EFCCF1 /* ViewRouter.swift */; };
		FA1E01C6289077E000EFCCF1 /* MainPage.swift in Sources */ = {isa = PBXBuildFile; fileRef = FA1E01C5289077E000EFCCF1 /* MainPage.swift */; };
		FA1E01CA28907C2200EFCCF1 /* MotherView.swift in Sources */ = {isa = PBXBuildFile; fileRef = FA1E01C728907C2100EFCCF1 /* MotherView.swift */; };
		FA1E01CB28907C2200EFCCF1 /* LoginView.swift in Sources */ = {isa = PBXBuildFile; fileRef = FA1E01C828907C2100EFCCF1 /* LoginView.swift */; };
		FA1E01CC28907C2200EFCCF1 /* Helper.swift in Sources */ = {isa = PBXBuildFile; fileRef = FA1E01C928907C2200EFCCF1 /* Helper.swift */; };
		FA5CAED328900EF600757760 /* CookbookApp.swift in Sources */ = {isa = PBXBuildFile; fileRef = FA5CAED228900EF600757760 /* CookbookApp.swift */; };
		FA5CAED728900EF900757760 /* Assets.xcassets in Resources */ = {isa = PBXBuildFile; fileRef = FA5CAED628900EF900757760 /* Assets.xcassets */; };
		FA5CAEDA28900EF900757760 /* Preview Assets.xcassets in Resources */ = {isa = PBXBuildFile; fileRef = FA5CAED928900EF900757760 /* Preview Assets.xcassets */; };
		FA5CAEE12890299700757760 /* GoogleService-Info.plist in Resources */ = {isa = PBXBuildFile; fileRef = FA5CAEE02890299700757760 /* GoogleService-Info.plist */; };
		FA5CAEE428902D5B00757760 /* FirebaseAuth in Frameworks */ = {isa = PBXBuildFile; productRef = FA5CAEE328902D5B00757760 /* FirebaseAuth */; };
		FA5CAEE628902D5B00757760 /* FirebaseFirestore in Frameworks */ = {isa = PBXBuildFile; productRef = FA5CAEE528902D5B00757760 /* FirebaseFirestore */; };
		FAC93C5F2890843A00F317FF /* TextField.swift in Sources */ = {isa = PBXBuildFile; fileRef = FAC93C5E2890843A00F317FF /* TextField.swift */; };
		FAC93C612890892700F317FF /* CustomButton.swift in Sources */ = {isa = PBXBuildFile; fileRef = FAC93C602890892700F317FF /* CustomButton.swift */; };
		FAC93C632890988600F317FF /* Extensions.swift in Sources */ = {isa = PBXBuildFile; fileRef = FAC93C622890988600F317FF /* Extensions.swift */; };
		FAC93C6528915EEB00F317FF /* Register.swift in Sources */ = {isa = PBXBuildFile; fileRef = FAC93C6428915EEB00F317FF /* Register.swift */; };
		FAC93C6828917F6700F317FF /* FirebaseFirestoreSwift in Frameworks */ = {isa = PBXBuildFile; productRef = FAC93C6728917F6700F317FF /* FirebaseFirestoreSwift */; };
/* End PBXBuildFile section */

/* Begin PBXFileReference section */
		FA1E01BA28905F8000EFCCF1 /* FirebaseModel.swift */ = {isa = PBXFileReference; lastKnownFileType = sourcecode.swift; name = FirebaseModel.swift; path = Models/FirebaseModel.swift; sourceTree = "<group>"; };
		FA1E01BC2890604100EFCCF1 /* FirebaseViewModel.swift */ = {isa = PBXFileReference; lastKnownFileType = sourcecode.swift; name = FirebaseViewModel.swift; path = ViewModels/FirebaseViewModel.swift; sourceTree = "<group>"; };
		FA1E01C22890752F00EFCCF1 /* GoogleService-Info.plist */ = {isa = PBXFileReference; lastKnownFileType = text.plist.xml; path = "GoogleService-Info.plist"; sourceTree = "<group>"; };
		FA1E01C32890765A00EFCCF1 /* ViewRouter.swift */ = {isa = PBXFileReference; lastKnownFileType = sourcecode.swift; name = ViewRouter.swift; path = Models/ViewRouter.swift; sourceTree = "<group>"; };
		FA1E01C5289077E000EFCCF1 /* MainPage.swift */ = {isa = PBXFileReference; lastKnownFileType = sourcecode.swift; name = MainPage.swift; path = Views/MainPage.swift; sourceTree = "<group>"; };
		FA1E01C728907C2100EFCCF1 /* MotherView.swift */ = {isa = PBXFileReference; fileEncoding = 4; lastKnownFileType = sourcecode.swift; name = MotherView.swift; path = Views/MotherView.swift; sourceTree = "<group>"; };
		FA1E01C828907C2100EFCCF1 /* LoginView.swift */ = {isa = PBXFileReference; fileEncoding = 4; lastKnownFileType = sourcecode.swift; name = LoginView.swift; path = Views/LoginView.swift; sourceTree = "<group>"; };
		FA1E01C928907C2200EFCCF1 /* Helper.swift */ = {isa = PBXFileReference; fileEncoding = 4; lastKnownFileType = sourcecode.swift; name = Helper.swift; path = Views/Helper.swift; sourceTree = "<group>"; };
		FA5CAECF28900EF600757760 /* Cookbook.app */ = {isa = PBXFileReference; explicitFileType = wrapper.application; includeInIndex = 0; path = Cookbook.app; sourceTree = BUILT_PRODUCTS_DIR; };
		FA5CAED228900EF600757760 /* CookbookApp.swift */ = {isa = PBXFileReference; lastKnownFileType = sourcecode.swift; path = CookbookApp.swift; sourceTree = "<group>"; };
		FA5CAED628900EF900757760 /* Assets.xcassets */ = {isa = PBXFileReference; lastKnownFileType = folder.assetcatalog; path = Assets.xcassets; sourceTree = "<group>"; };
		FA5CAED928900EF900757760 /* Preview Assets.xcassets */ = {isa = PBXFileReference; lastKnownFileType = folder.assetcatalog; path = "Preview Assets.xcassets"; sourceTree = "<group>"; };
		FA5CAEE02890299700757760 /* GoogleService-Info.plist */ = {isa = PBXFileReference; fileEncoding = 4; lastKnownFileType = text.plist.xml; name = "GoogleService-Info.plist"; path = "../../Downloads/GoogleService-Info.plist"; sourceTree = "<group>"; };
		FAC93C5E2890843A00F317FF /* TextField.swift */ = {isa = PBXFileReference; lastKnownFileType = sourcecode.swift; name = TextField.swift; path = ViewModifiers/TextField.swift; sourceTree = "<group>"; };
		FAC93C602890892700F317FF /* CustomButton.swift */ = {isa = PBXFileReference; lastKnownFileType = sourcecode.swift; name = CustomButton.swift; path = ViewModifiers/CustomButton.swift; sourceTree = "<group>"; };
		FAC93C622890988600F317FF /* Extensions.swift */ = {isa = PBXFileReference; lastKnownFileType = sourcecode.swift; path = Extensions.swift; sourceTree = "<group>"; };
		FAC93C6428915EEB00F317FF /* Register.swift */ = {isa = PBXFileReference; lastKnownFileType = sourcecode.swift; name = Register.swift; path = Views/Register.swift; sourceTree = "<group>"; };
/* End PBXFileReference section */

/* Begin PBXFrameworksBuildPhase section */
		FA5CAECC28900EF600757760 /* Frameworks */ = {
			isa = PBXFrameworksBuildPhase;
			buildActionMask = 2147483647;
			files = (
				FA5CAEE428902D5B00757760 /* FirebaseAuth in Frameworks */,
				FA5CAEE628902D5B00757760 /* FirebaseFirestore in Frameworks */,
				FAC93C6828917F6700F317FF /* FirebaseFirestoreSwift in Frameworks */,
			);
			runOnlyForDeploymentPostprocessing = 0;
		};
/* End PBXFrameworksBuildPhase section */

/* Begin PBXGroup section */
		FA5CAEC628900EF600757760 = {
			isa = PBXGroup;
			children = (
				FA5CAEE02890299700757760 /* GoogleService-Info.plist */,
				FA5CAED128900EF600757760 /* Cookbook */,
				FA5CAED028900EF600757760 /* Products */,
				FAC93C6628917F6700F317FF /* Frameworks */,
			);
			sourceTree = "<group>";
		};
		FA5CAED028900EF600757760 /* Products */ = {
			isa = PBXGroup;
			children = (
				FA5CAECF28900EF600757760 /* Cookbook.app */,
			);
			name = Products;
			sourceTree = "<group>";
		};
		FA5CAED128900EF600757760 /* Cookbook */ = {
			isa = PBXGroup;
			children = (
				FAC93C5E2890843A00F317FF /* TextField.swift */,
				FAC93C602890892700F317FF /* CustomButton.swift */,
				FAC93C622890988600F317FF /* Extensions.swift */,
				FA1E01C928907C2200EFCCF1 /* Helper.swift */,
				FA1E01C828907C2100EFCCF1 /* LoginView.swift */,
				FA1E01C32890765A00EFCCF1 /* ViewRouter.swift */,
				FA5CAED228900EF600757760 /* CookbookApp.swift */,
				FA1E01C728907C2100EFCCF1 /* MotherView.swift */,
				FAC93C6428915EEB00F317FF /* Register.swift */,
				FA1E01BA28905F8000EFCCF1 /* FirebaseModel.swift */,
				FA1E01C5289077E000EFCCF1 /* MainPage.swift */,
				FA1E01BC2890604100EFCCF1 /* FirebaseViewModel.swift */,
				FA1E01C22890752F00EFCCF1 /* GoogleService-Info.plist */,
				FA5CAED628900EF900757760 /* Assets.xcassets */,
				FA5CAED828900EF900757760 /* Preview Content */,
			);
			path = Cookbook;
			sourceTree = "<group>";
		};
		FA5CAED828900EF900757760 /* Preview Content */ = {
			isa = PBXGroup;
			children = (
				FA5CAED928900EF900757760 /* Preview Assets.xcassets */,
			);
			path = "Preview Content";
			sourceTree = "<group>";
		};
		FAC93C6628917F6700F317FF /* Frameworks */ = {
			isa = PBXGroup;
			children = (
			);
			name = Frameworks;
			sourceTree = "<group>";
		};
/* End PBXGroup section */

/* Begin PBXNativeTarget section */
		FA5CAECE28900EF600757760 /* Cookbook */ = {
			isa = PBXNativeTarget;
			buildConfigurationList = FA5CAEDD28900EF900757760 /* Build configuration list for PBXNativeTarget "Cookbook" */;
			buildPhases = (
				FA5CAECB28900EF600757760 /* Sources */,
				FA5CAECC28900EF600757760 /* Frameworks */,
				FA5CAECD28900EF600757760 /* Resources */,
			);
			buildRules = (
			);
			dependencies = (
			);
			name = Cookbook;
			packageProductDependencies = (
				FA5CAEE328902D5B00757760 /* FirebaseAuth */,
				FA5CAEE528902D5B00757760 /* FirebaseFirestore */,
				FAC93C6728917F6700F317FF /* FirebaseFirestoreSwift */,
			);
			productName = Cookbook;
			productReference = FA5CAECF28900EF600757760 /* Cookbook.app */;
			productType = "com.apple.product-type.application";
		};
/* End PBXNativeTarget section */

/* Begin PBXProject section */
		FA5CAEC728900EF600757760 /* Project object */ = {
			isa = PBXProject;
			attributes = {
				BuildIndependentTargetsInParallel = 1;
				LastSwiftUpdateCheck = 1330;
				LastUpgradeCheck = 1330;
				TargetAttributes = {
					FA5CAECE28900EF600757760 = {
						CreatedOnToolsVersion = 13.3;
					};
				};
			};
			buildConfigurationList = FA5CAECA28900EF600757760 /* Build configuration list for PBXProject "Cookbook" */;
			compatibilityVersion = "Xcode 13.0";
			developmentRegion = en;
			hasScannedForEncodings = 0;
			knownRegions = (
				en,
				Base,
			);
			mainGroup = FA5CAEC628900EF600757760;
			packageReferences = (
				FA5CAEE228902D5B00757760 /* XCRemoteSwiftPackageReference "firebase-ios-sdk" */,
			);
			productRefGroup = FA5CAED028900EF600757760 /* Products */;
			projectDirPath = "";
			projectRoot = "";
			targets = (
				FA5CAECE28900EF600757760 /* Cookbook */,
			);
		};
/* End PBXProject section */

/* Begin PBXResourcesBuildPhase section */
		FA5CAECD28900EF600757760 /* Resources */ = {
			isa = PBXResourcesBuildPhase;
			buildActionMask = 2147483647;
			files = (
				FA5CAEDA28900EF900757760 /* Preview Assets.xcassets in Resources */,
				FA5CAED728900EF900757760 /* Assets.xcassets in Resources */,
				FA5CAEE12890299700757760 /* GoogleService-Info.plist in Resources */,
			);
			runOnlyForDeploymentPostprocessing = 0;
		};
/* End PBXResourcesBuildPhase section */

/* Begin PBXSourcesBuildPhase section */
		FA5CAECB28900EF600757760 /* Sources */ = {
			isa = PBXSourcesBuildPhase;
			buildActionMask = 2147483647;
			files = (
				FA1E01CC28907C2200EFCCF1 /* Helper.swift in Sources */,
				FA1E01BB28905F8000EFCCF1 /* FirebaseModel.swift in Sources */,
				FA1E01C42890765A00EFCCF1 /* ViewRouter.swift in Sources */,
				FA1E01C6289077E000EFCCF1 /* MainPage.swift in Sources */,
				FAC93C612890892700F317FF /* CustomButton.swift in Sources */,
				FA1E01CA28907C2200EFCCF1 /* MotherView.swift in Sources */,
				FAC93C6528915EEB00F317FF /* Register.swift in Sources */,
				FA5CAED328900EF600757760 /* CookbookApp.swift in Sources */,
				FAC93C5F2890843A00F317FF /* TextField.swift in Sources */,
				FA1E01BD2890604100EFCCF1 /* FirebaseViewModel.swift in Sources */,
				FAC93C632890988600F317FF /* Extensions.swift in Sources */,
				FA1E01CB28907C2200EFCCF1 /* LoginView.swift in Sources */,
			);
			runOnlyForDeploymentPostprocessing = 0;
		};
/* End PBXSourcesBuildPhase section */

/* Begin XCBuildConfiguration section */
		FA5CAEDB28900EF900757760 /* Debug */ = {
			isa = XCBuildConfiguration;
			buildSettings = {
				ALWAYS_SEARCH_USER_PATHS = NO;
				CLANG_ANALYZER_NONNULL = YES;
				CLANG_ANALYZER_NUMBER_OBJECT_CONVERSION = YES_AGGRESSIVE;
				CLANG_CXX_LANGUAGE_STANDARD = "gnu++17";
				CLANG_ENABLE_MODULES = YES;
				CLANG_ENABLE_OBJC_ARC = YES;
				CLANG_ENABLE_OBJC_WEAK = YES;
				CLANG_WARN_BLOCK_CAPTURE_AUTORELEASING = YES;
				CLANG_WARN_BOOL_CONVERSION = YES;
				CLANG_WARN_COMMA = YES;
				CLANG_WARN_CONSTANT_CONVERSION = YES;
				CLANG_WARN_DEPRECATED_OBJC_IMPLEMENTATIONS = YES;
				CLANG_WARN_DIRECT_OBJC_ISA_USAGE = YES_ERROR;
				CLANG_WARN_DOCUMENTATION_COMMENTS = YES;
				CLANG_WARN_EMPTY_BODY = YES;
				CLANG_WARN_ENUM_CONVERSION = YES;
				CLANG_WARN_INFINITE_RECURSION = YES;
				CLANG_WARN_INT_CONVERSION = YES;
				CLANG_WARN_NON_LITERAL_NULL_CONVERSION = YES;
				CLANG_WARN_OBJC_IMPLICIT_RETAIN_SELF = YES;
				CLANG_WARN_OBJC_LITERAL_CONVERSION = YES;
				CLANG_WARN_OBJC_ROOT_CLASS = YES_ERROR;
				CLANG_WARN_QUOTED_INCLUDE_IN_FRAMEWORK_HEADER = YES;
				CLANG_WARN_RANGE_LOOP_ANALYSIS = YES;
				CLANG_WARN_STRICT_PROTOTYPES = YES;
				CLANG_WARN_SUSPICIOUS_MOVE = YES;
				CLANG_WARN_UNGUARDED_AVAILABILITY = YES_AGGRESSIVE;
				CLANG_WARN_UNREACHABLE_CODE = YES;
				CLANG_WARN__DUPLICATE_METHOD_MATCH = YES;
				COPY_PHASE_STRIP = NO;
				DEBUG_INFORMATION_FORMAT = dwarf;
				ENABLE_STRICT_OBJC_MSGSEND = YES;
				ENABLE_TESTABILITY = YES;
				GCC_C_LANGUAGE_STANDARD = gnu11;
				GCC_DYNAMIC_NO_PIC = NO;
				GCC_NO_COMMON_BLOCKS = YES;
				GCC_OPTIMIZATION_LEVEL = 0;
				GCC_PREPROCESSOR_DEFINITIONS = (
					"DEBUG=1",
					"$(inherited)",
				);
				GCC_WARN_64_TO_32_BIT_CONVERSION = YES;
				GCC_WARN_ABOUT_RETURN_TYPE = YES_ERROR;
				GCC_WARN_UNDECLARED_SELECTOR = YES;
				GCC_WARN_UNINITIALIZED_AUTOS = YES_AGGRESSIVE;
				GCC_WARN_UNUSED_FUNCTION = YES;
				GCC_WARN_UNUSED_VARIABLE = YES;
				IPHONEOS_DEPLOYMENT_TARGET = 15.4;
				MTL_ENABLE_DEBUG_INFO = INCLUDE_SOURCE;
				MTL_FAST_MATH = YES;
				ONLY_ACTIVE_ARCH = YES;
				SDKROOT = iphoneos;
				SWIFT_ACTIVE_COMPILATION_CONDITIONS = DEBUG;
				SWIFT_OPTIMIZATION_LEVEL = "-Onone";
			};
			name = Debug;
		};
		FA5CAEDC28900EF900757760 /* Release */ = {
			isa = XCBuildConfiguration;
			buildSettings = {
				ALWAYS_SEARCH_USER_PATHS = NO;
				CLANG_ANALYZER_NONNULL = YES;
				CLANG_ANALYZER_NUMBER_OBJECT_CONVERSION = YES_AGGRESSIVE;
				CLANG_CXX_LANGUAGE_STANDARD = "gnu++17";
				CLANG_ENABLE_MODULES = YES;
				CLANG_ENABLE_OBJC_ARC = YES;
				CLANG_ENABLE_OBJC_WEAK = YES;
				CLANG_WARN_BLOCK_CAPTURE_AUTORELEASING = YES;
				CLANG_WARN_BOOL_CONVERSION = YES;
				CLANG_WARN_COMMA = YES;
				CLANG_WARN_CONSTANT_CONVERSION = YES;
				CLANG_WARN_DEPRECATED_OBJC_IMPLEMENTATIONS = YES;
				CLANG_WARN_DIRECT_OBJC_ISA_USAGE = YES_ERROR;
				CLANG_WARN_DOCUMENTATION_COMMENTS = YES;
				CLANG_WARN_EMPTY_BODY = YES;
				CLANG_WARN_ENUM_CONVERSION = YES;
				CLANG_WARN_INFINITE_RECURSION = YES;
				CLANG_WARN_INT_CONVERSION = YES;
				CLANG_WARN_NON_LITERAL_NULL_CONVERSION = YES;
				CLANG_WARN_OBJC_IMPLICIT_RETAIN_SELF = YES;
				CLANG_WARN_OBJC_LITERAL_CONVERSION = YES;
				CLANG_WARN_OBJC_ROOT_CLASS = YES_ERROR;
				CLANG_WARN_QUOTED_INCLUDE_IN_FRAMEWORK_HEADER = YES;
				CLANG_WARN_RANGE_LOOP_ANALYSIS = YES;
				CLANG_WARN_STRICT_PROTOTYPES = YES;
				CLANG_WARN_SUSPICIOUS_MOVE = YES;
				CLANG_WARN_UNGUARDED_AVAILABILITY = YES_AGGRESSIVE;
				CLANG_WARN_UNREACHABLE_CODE = YES;
				CLANG_WARN__DUPLICATE_METHOD_MATCH = YES;
				COPY_PHASE_STRIP = NO;
				DEBUG_INFORMATION_FORMAT = "dwarf-with-dsym";
				ENABLE_NS_ASSERTIONS = NO;
				ENABLE_STRICT_OBJC_MSGSEND = YES;
				GCC_C_LANGUAGE_STANDARD = gnu11;
				GCC_NO_COMMON_BLOCKS = YES;
				GCC_WARN_64_TO_32_BIT_CONVERSION = YES;
				GCC_WARN_ABOUT_RETURN_TYPE = YES_ERROR;
				GCC_WARN_UNDECLARED_SELECTOR = YES;
				GCC_WARN_UNINITIALIZED_AUTOS = YES_AGGRESSIVE;
				GCC_WARN_UNUSED_FUNCTION = YES;
				GCC_WARN_UNUSED_VARIABLE = YES;
				IPHONEOS_DEPLOYMENT_TARGET = 15.4;
				MTL_ENABLE_DEBUG_INFO = NO;
				MTL_FAST_MATH = YES;
				SDKROOT = iphoneos;
				SWIFT_COMPILATION_MODE = wholemodule;
				SWIFT_OPTIMIZATION_LEVEL = "-O";
				VALIDATE_PRODUCT = YES;
			};
			name = Release;
		};
		FA5CAEDE28900EF900757760 /* Debug */ = {
			isa = XCBuildConfiguration;
			buildSettings = {
				ASSETCATALOG_COMPILER_APPICON_NAME = AppIcon;
				ASSETCATALOG_COMPILER_GLOBAL_ACCENT_COLOR_NAME = AccentColor;
				CODE_SIGN_STYLE = Automatic;
				CURRENT_PROJECT_VERSION = 1;
				DEVELOPMENT_ASSET_PATHS = "\"Cookbook/Preview Content\"";
				DEVELOPMENT_TEAM = Q8VFSTQPQ6;
				ENABLE_PREVIEWS = YES;
				GENERATE_INFOPLIST_FILE = YES;
				INFOPLIST_KEY_UIApplicationSceneManifest_Generation = YES;
				INFOPLIST_KEY_UIApplicationSupportsIndirectInputEvents = YES;
				INFOPLIST_KEY_UILaunchScreen_Generation = YES;
				INFOPLIST_KEY_UISupportedInterfaceOrientations_iPad = "UIInterfaceOrientationPortrait UIInterfaceOrientationPortraitUpsideDown UIInterfaceOrientationLandscapeLeft UIInterfaceOrientationLandscapeRight";
				INFOPLIST_KEY_UISupportedInterfaceOrientations_iPhone = "UIInterfaceOrientationPortrait UIInterfaceOrientationLandscapeLeft UIInterfaceOrientationLandscapeRight";
				LD_RUNPATH_SEARCH_PATHS = (
					"$(inherited)",
					"@executable_path/Frameworks",
				);
				MARKETING_VERSION = 1.0;
				PRODUCT_BUNDLE_IDENTIFIER = sc222rf.lnu.Cookbook;
				PRODUCT_NAME = "$(TARGET_NAME)";
				SWIFT_EMIT_LOC_STRINGS = YES;
				SWIFT_VERSION = 5.0;
				TARGETED_DEVICE_FAMILY = "1,2";
			};
			name = Debug;
		};
		FA5CAEDF28900EF900757760 /* Release */ = {
			isa = XCBuildConfiguration;
			buildSettings = {
				ASSETCATALOG_COMPILER_APPICON_NAME = AppIcon;
				ASSETCATALOG_COMPILER_GLOBAL_ACCENT_COLOR_NAME = AccentColor;
				CODE_SIGN_STYLE = Automatic;
				CURRENT_PROJECT_VERSION = 1;
				DEVELOPMENT_ASSET_PATHS = "\"Cookbook/Preview Content\"";
				DEVELOPMENT_TEAM = Q8VFSTQPQ6;
				ENABLE_PREVIEWS = YES;
				GENERATE_INFOPLIST_FILE = YES;
				INFOPLIST_KEY_UIApplicationSceneManifest_Generation = YES;
				INFOPLIST_KEY_UIApplicationSupportsIndirectInputEvents = YES;
				INFOPLIST_KEY_UILaunchScreen_Generation = YES;
				INFOPLIST_KEY_UISupportedInterfaceOrientations_iPad = "UIInterfaceOrientationPortrait UIInterfaceOrientationPortraitUpsideDown UIInterfaceOrientationLandscapeLeft UIInterfaceOrientationLandscapeRight";
				INFOPLIST_KEY_UISupportedInterfaceOrientations_iPhone = "UIInterfaceOrientationPortrait UIInterfaceOrientationLandscapeLeft UIInterfaceOrientationLandscapeRight";
				LD_RUNPATH_SEARCH_PATHS = (
					"$(inherited)",
					"@executable_path/Frameworks",
				);
				MARKETING_VERSION = 1.0;
				PRODUCT_BUNDLE_IDENTIFIER = sc222rf.lnu.Cookbook;
				PRODUCT_NAME = "$(TARGET_NAME)";
				SWIFT_EMIT_LOC_STRINGS = YES;
				SWIFT_VERSION = 5.0;
				TARGETED_DEVICE_FAMILY = "1,2";
			};
			name = Release;
		};
/* End XCBuildConfiguration section */

/* Begin XCConfigurationList section */
		FA5CAECA28900EF600757760 /* Build configuration list for PBXProject "Cookbook" */ = {
			isa = XCConfigurationList;
			buildConfigurations = (
				FA5CAEDB28900EF900757760 /* Debug */,
				FA5CAEDC28900EF900757760 /* Release */,
			);
			defaultConfigurationIsVisible = 0;
			defaultConfigurationName = Release;
		};
		FA5CAEDD28900EF900757760 /* Build configuration list for PBXNativeTarget "Cookbook" */ = {
			isa = XCConfigurationList;
			buildConfigurations = (
				FA5CAEDE28900EF900757760 /* Debug */,
				FA5CAEDF28900EF900757760 /* Release */,
			);
			defaultConfigurationIsVisible = 0;
			defaultConfigurationName = Release;
		};
/* End XCConfigurationList section */

/* Begin XCRemoteSwiftPackageReference section */
		FA5CAEE228902D5B00757760 /* XCRemoteSwiftPackageReference "firebase-ios-sdk" */ = {
			isa = XCRemoteSwiftPackageReference;
			repositoryURL = "https://github.com/firebase/firebase-ios-sdk";
			requirement = {
				kind = upToNextMajorVersion;
				minimumVersion = 9.0.0;
			};
		};
/* End XCRemoteSwiftPackageReference section */

/* Begin XCSwiftPackageProductDependency section */
		FA5CAEE328902D5B00757760 /* FirebaseAuth */ = {
			isa = XCSwiftPackageProductDependency;
			package = FA5CAEE228902D5B00757760 /* XCRemoteSwiftPackageReference "firebase-ios-sdk" */;
			productName = FirebaseAuth;
		};
		FA5CAEE528902D5B00757760 /* FirebaseFirestore */ = {
			isa = XCSwiftPackageProductDependency;
			package = FA5CAEE228902D5B00757760 /* XCRemoteSwiftPackageReference "firebase-ios-sdk" */;
			productName = FirebaseFirestore;
		};
		FAC93C6728917F6700F317FF /* FirebaseFirestoreSwift */ = {
			isa = XCSwiftPackageProductDependency;
			package = FA5CAEE228902D5B00757760 /* XCRemoteSwiftPackageReference "firebase-ios-sdk" */;
			productName = FirebaseFirestoreSwift;
		};
/* End XCSwiftPackageProductDependency section */
	};
	rootObject = FA5CAEC728900EF600757760 /* Project object */;
}
